
Microsoft Visual Studio Solution File, Format Version 12.00
Project("{FAE04EC0-301F-11D3-BF4B-00C04F79EFBC}") = "ecommerceAPI.Application", "ecommerceAPI.Application\ecommerceAPI.Application.csproj", "{DD894669-6F10-4BB5-8C04-6F9BFEA11845}"
EndProject
Project("{FAE04EC0-301F-11D3-BF4B-00C04F79EFBC}") = "ecommerceAPI.Domain", "ecommerceAPI.Domain\ecommerceAPI.Domain.csproj", "{73068F4F-4F20-4B14-A33A-71781275A34B}"
EndProject
Project("{FAE04EC0-301F-11D3-BF4B-00C04F79EFBC}") = "ecommerceAPI.Infrastructure", "ecommerceAPI.Infrastructure\ecommerceAPI.Infrastructure.csproj", "{00D6C53B-CA34-42C7-9F9E-633B4C4D88F6}"
EndProject
Project("{FAE04EC0-301F-11D3-BF4B-00C04F79EFBC}") = "ecommerceAPI.Host", "ecommerceAPI.Host\ecommerceAPI.Host.csproj", "{860676EC-5FD4-4B6D-AF75-48FF471A06FE}"
EndProject
Global
	GlobalSection(SolutionConfigurationPlatforms) = preSolution
		Debug|Any CPU = Debug|Any CPU
		Release|Any CPU = Release|Any CPU
	EndGlobalSection
	GlobalSection(ProjectConfigurationPlatforms) = postSolution
		{DD894669-6F10-4BB5-8C04-6F9BFEA11845}.Debug|Any CPU.ActiveCfg = Debug|Any CPU
		{DD894669-6F10-4BB5-8C04-6F9BFEA11845}.Debug|Any CPU.Build.0 = Debug|Any CPU
		{DD894669-6F10-4BB5-8C04-6F9BFEA11845}.Release|Any CPU.ActiveCfg = Release|Any CPU
		{DD894669-6F10-4BB5-8C04-6F9BFEA11845}.Release|Any CPU.Build.0 = Release|Any CPU
		{73068F4F-4F20-4B14-A33A-71781275A34B}.Debug|Any CPU.ActiveCfg = Debug|Any CPU
		{73068F4F-4F20-4B14-A33A-71781275A34B}.Debug|Any CPU.Build.0 = Debug|Any CPU
		{73068F4F-4F20-4B14-A33A-71781275A34B}.Release|Any CPU.ActiveCfg = Release|Any CPU
		{73068F4F-4F20-4B14-A33A-71781275A34B}.Release|Any CPU.Build.0 = Release|Any CPU
		{00D6C53B-CA34-42C7-9F9E-633B4C4D88F6}.Debug|Any CPU.ActiveCfg = Debug|Any CPU
		{00D6C53B-CA34-42C7-9F9E-633B4C4D88F6}.Debug|Any CPU.Build.0 = Debug|Any CPU
		{00D6C53B-CA34-42C7-9F9E-633B4C4D88F6}.Release|Any CPU.ActiveCfg = Release|Any CPU
		{00D6C53B-CA34-42C7-9F9E-633B4C4D88F6}.Release|Any CPU.Build.0 = Release|Any CPU
		{860676EC-5FD4-4B6D-AF75-48FF471A06FE}.Debug|Any CPU.ActiveCfg = Debug|Any CPU
		{860676EC-5FD4-4B6D-AF75-48FF471A06FE}.Debug|Any CPU.Build.0 = Debug|Any CPU
		{860676EC-5FD4-4B6D-AF75-48FF471A06FE}.Release|Any CPU.ActiveCfg = Release|Any CPU
		{860676EC-5FD4-4B6D-AF75-48FF471A06FE}.Release|Any CPU.Build.0 = Release|Any CPU
	EndGlobalSection
EndGlobal
